
Microsoft Visual Studio Solution File, Format Version 12.00
# Visual Studio 15
VisualStudioVersion = 15.0.28010.2050
MinimumVisualStudioVersion = 10.0.40219.1
Project("{FAE04EC0-301F-11D3-BF4B-00C04F79EFBC}") = "Common", "Common\Common.csproj", "{05145F7D-7C86-4F70-BD31-706CACE61D12}"
EndProject
Project("{FAE04EC0-301F-11D3-BF4B-00C04F79EFBC}") = "Dal", "Dal\Dal.csproj", "{F3A6733C-D80E-4646-B8CF-A53181196990}"
EndProject
Project("{FAE04EC0-301F-11D3-BF4B-00C04F79EFBC}") = "Dal.UnitTest", "Dal.UnitTest\Dal.UnitTest.csproj", "{33EF3CB0-D1BC-4472-A3F6-A49EDE0E420A}"
EndProject
Project("{FAE04EC0-301F-11D3-BF4B-00C04F79EFBC}") = "UI.Employee", "UI.Employee\UI.Employee.csproj", "{89E75693-F6E5-4E25-9133-50CC0E9580DB}"
EndProject
Project("{FAE04EC0-301F-11D3-BF4B-00C04F79EFBC}") = "BL", "BL\BL.csproj", "{C116091F-1667-430E-8D82-3AF4650F662B}"
EndProject
Project("{FAE04EC0-301F-11D3-BF4B-00C04F79EFBC}") = "BL.UnitTests", "BL.UnitTests\BL.UnitTests.csproj", "{57CF488C-2DD6-46FB-B34E-7F6E640A6350}"
EndProject
Project("{FAE04EC0-301F-11D3-BF4B-00C04F79EFBC}") = "BillingService", "BillingService\BillingService.csproj", "{A3F9D30F-FDB4-4A8D-B510-0CEB65B7EBCF}"
EndProject
Project("{FAE04EC0-301F-11D3-BF4B-00C04F79EFBC}") = "ConsoleTest", "ConsoleTest\ConsoleTest.csproj", "{C1C15C9A-2158-47DA-B0A2-B2DB24F277AD}"
EndProject
Project("{FAE04EC0-301F-11D3-BF4B-00C04F79EFBC}") = "Server.Employee", "Server.Employee\Server.Employee.csproj", "{7FDFF607-3F9E-4E34-8AEC-137CAB368D83}"
EndProject
Project("{FAE04EC0-301F-11D3-BF4B-00C04F79EFBC}") = "Server.Employee.Tests", "Server.Employee.Tests\Server.Employee.Tests.csproj", "{20DAD2D6-7728-4CB9-AE51-FA3CD81BE452}"
EndProject
Project("{FAE04EC0-301F-11D3-BF4B-00C04F79EFBC}") = "ClientBL", "ClientBL\ClientBL.csproj", "{10D3677E-6E5A-411E-B0BE-2E008A961C69}"
EndProject
Project("{FAE04EC0-301F-11D3-BF4B-00C04F79EFBC}") = "UI.ClientWebPage", "UI.ClientWebPage\UI.ClientWebPage.csproj", "{E7585C7B-4663-41A0-B8DF-A358A2A50294}"
EndProject
Project("{FAE04EC0-301F-11D3-BF4B-00C04F79EFBC}") = "UI.ClientWebPage.Tests", "UI.ClientWebPage.Tests\UI.ClientWebPage.Tests.csproj", "{66914B4E-5C5D-41E0-BB3B-ADA432B1613D}"
EndProject
Global
	GlobalSection(SolutionConfigurationPlatforms) = preSolution
		Debug|Any CPU = Debug|Any CPU
		Debug|ARM = Debug|ARM
		Debug|ARM64 = Debug|ARM64
		Debug|x64 = Debug|x64
		Debug|x86 = Debug|x86
		Release|Any CPU = Release|Any CPU
		Release|ARM = Release|ARM
		Release|ARM64 = Release|ARM64
		Release|x64 = Release|x64
		Release|x86 = Release|x86
	EndGlobalSection
	GlobalSection(ProjectConfigurationPlatforms) = postSolution
		{05145F7D-7C86-4F70-BD31-706CACE61D12}.Debug|Any CPU.ActiveCfg = Debug|Any CPU
		{05145F7D-7C86-4F70-BD31-706CACE61D12}.Debug|Any CPU.Build.0 = Debug|Any CPU
		{05145F7D-7C86-4F70-BD31-706CACE61D12}.Debug|ARM.ActiveCfg = Debug|Any CPU
		{05145F7D-7C86-4F70-BD31-706CACE61D12}.Debug|ARM.Build.0 = Debug|Any CPU
		{05145F7D-7C86-4F70-BD31-706CACE61D12}.Debug|ARM64.ActiveCfg = Debug|Any CPU
		{05145F7D-7C86-4F70-BD31-706CACE61D12}.Debug|ARM64.Build.0 = Debug|Any CPU
		{05145F7D-7C86-4F70-BD31-706CACE61D12}.Debug|x64.ActiveCfg = Debug|Any CPU
		{05145F7D-7C86-4F70-BD31-706CACE61D12}.Debug|x64.Build.0 = Debug|Any CPU
		{05145F7D-7C86-4F70-BD31-706CACE61D12}.Debug|x86.ActiveCfg = Debug|Any CPU
		{05145F7D-7C86-4F70-BD31-706CACE61D12}.Debug|x86.Build.0 = Debug|Any CPU
		{05145F7D-7C86-4F70-BD31-706CACE61D12}.Release|Any CPU.ActiveCfg = Release|Any CPU
		{05145F7D-7C86-4F70-BD31-706CACE61D12}.Release|Any CPU.Build.0 = Release|Any CPU
		{05145F7D-7C86-4F70-BD31-706CACE61D12}.Release|ARM.ActiveCfg = Release|Any CPU
		{05145F7D-7C86-4F70-BD31-706CACE61D12}.Release|ARM.Build.0 = Release|Any CPU
		{05145F7D-7C86-4F70-BD31-706CACE61D12}.Release|ARM64.ActiveCfg = Release|Any CPU
		{05145F7D-7C86-4F70-BD31-706CACE61D12}.Release|ARM64.Build.0 = Release|Any CPU
		{05145F7D-7C86-4F70-BD31-706CACE61D12}.Release|x64.ActiveCfg = Release|Any CPU
		{05145F7D-7C86-4F70-BD31-706CACE61D12}.Release|x64.Build.0 = Release|Any CPU
		{05145F7D-7C86-4F70-BD31-706CACE61D12}.Release|x86.ActiveCfg = Release|Any CPU
		{05145F7D-7C86-4F70-BD31-706CACE61D12}.Release|x86.Build.0 = Release|Any CPU
		{F3A6733C-D80E-4646-B8CF-A53181196990}.Debug|Any CPU.ActiveCfg = Debug|Any CPU
		{F3A6733C-D80E-4646-B8CF-A53181196990}.Debug|Any CPU.Build.0 = Debug|Any CPU
		{F3A6733C-D80E-4646-B8CF-A53181196990}.Debug|ARM.ActiveCfg = Debug|Any CPU
		{F3A6733C-D80E-4646-B8CF-A53181196990}.Debug|ARM.Build.0 = Debug|Any CPU
		{F3A6733C-D80E-4646-B8CF-A53181196990}.Debug|ARM64.ActiveCfg = Debug|Any CPU
		{F3A6733C-D80E-4646-B8CF-A53181196990}.Debug|ARM64.Build.0 = Debug|Any CPU
		{F3A6733C-D80E-4646-B8CF-A53181196990}.Debug|x64.ActiveCfg = Debug|Any CPU
		{F3A6733C-D80E-4646-B8CF-A53181196990}.Debug|x64.Build.0 = Debug|Any CPU
		{F3A6733C-D80E-4646-B8CF-A53181196990}.Debug|x86.ActiveCfg = Debug|Any CPU
		{F3A6733C-D80E-4646-B8CF-A53181196990}.Debug|x86.Build.0 = Debug|Any CPU
		{F3A6733C-D80E-4646-B8CF-A53181196990}.Release|Any CPU.ActiveCfg = Release|Any CPU
		{F3A6733C-D80E-4646-B8CF-A53181196990}.Release|Any CPU.Build.0 = Release|Any CPU
		{F3A6733C-D80E-4646-B8CF-A53181196990}.Release|ARM.ActiveCfg = Release|Any CPU
		{F3A6733C-D80E-4646-B8CF-A53181196990}.Release|ARM.Build.0 = Release|Any CPU
		{F3A6733C-D80E-4646-B8CF-A53181196990}.Release|ARM64.ActiveCfg = Release|Any CPU
		{F3A6733C-D80E-4646-B8CF-A53181196990}.Release|ARM64.Build.0 = Release|Any CPU
		{F3A6733C-D80E-4646-B8CF-A53181196990}.Release|x64.ActiveCfg = Release|Any CPU
		{F3A6733C-D80E-4646-B8CF-A53181196990}.Release|x64.Build.0 = Release|Any CPU
		{F3A6733C-D80E-4646-B8CF-A53181196990}.Release|x86.ActiveCfg = Release|Any CPU
		{F3A6733C-D80E-4646-B8CF-A53181196990}.Release|x86.Build.0 = Release|Any CPU
		{33EF3CB0-D1BC-4472-A3F6-A49EDE0E420A}.Debug|Any CPU.ActiveCfg = Debug|Any CPU
		{33EF3CB0-D1BC-4472-A3F6-A49EDE0E420A}.Debug|Any CPU.Build.0 = Debug|Any CPU
		{33EF3CB0-D1BC-4472-A3F6-A49EDE0E420A}.Debug|ARM.ActiveCfg = Debug|Any CPU
		{33EF3CB0-D1BC-4472-A3F6-A49EDE0E420A}.Debug|ARM.Build.0 = Debug|Any CPU
		{33EF3CB0-D1BC-4472-A3F6-A49EDE0E420A}.Debug|ARM64.ActiveCfg = Debug|Any CPU
		{33EF3CB0-D1BC-4472-A3F6-A49EDE0E420A}.Debug|ARM64.Build.0 = Debug|Any CPU
		{33EF3CB0-D1BC-4472-A3F6-A49EDE0E420A}.Debug|x64.ActiveCfg = Debug|Any CPU
		{33EF3CB0-D1BC-4472-A3F6-A49EDE0E420A}.Debug|x64.Build.0 = Debug|Any CPU
		{33EF3CB0-D1BC-4472-A3F6-A49EDE0E420A}.Debug|x86.ActiveCfg = Debug|Any CPU
		{33EF3CB0-D1BC-4472-A3F6-A49EDE0E420A}.Debug|x86.Build.0 = Debug|Any CPU
		{33EF3CB0-D1BC-4472-A3F6-A49EDE0E420A}.Release|Any CPU.ActiveCfg = Release|Any CPU
		{33EF3CB0-D1BC-4472-A3F6-A49EDE0E420A}.Release|Any CPU.Build.0 = Release|Any CPU
		{33EF3CB0-D1BC-4472-A3F6-A49EDE0E420A}.Release|ARM.ActiveCfg = Release|Any CPU
		{33EF3CB0-D1BC-4472-A3F6-A49EDE0E420A}.Release|ARM.Build.0 = Release|Any CPU
		{33EF3CB0-D1BC-4472-A3F6-A49EDE0E420A}.Release|ARM64.ActiveCfg = Release|Any CPU
		{33EF3CB0-D1BC-4472-A3F6-A49EDE0E420A}.Release|ARM64.Build.0 = Release|Any CPU
		{33EF3CB0-D1BC-4472-A3F6-A49EDE0E420A}.Release|x64.ActiveCfg = Release|Any CPU
		{33EF3CB0-D1BC-4472-A3F6-A49EDE0E420A}.Release|x64.Build.0 = Release|Any CPU
		{33EF3CB0-D1BC-4472-A3F6-A49EDE0E420A}.Release|x86.ActiveCfg = Release|Any CPU
		{33EF3CB0-D1BC-4472-A3F6-A49EDE0E420A}.Release|x86.Build.0 = Release|Any CPU
		{89E75693-F6E5-4E25-9133-50CC0E9580DB}.Debug|Any CPU.ActiveCfg = Debug|x86
		{89E75693-F6E5-4E25-9133-50CC0E9580DB}.Debug|ARM.ActiveCfg = Debug|ARM
		{89E75693-F6E5-4E25-9133-50CC0E9580DB}.Debug|ARM.Build.0 = Debug|ARM
		{89E75693-F6E5-4E25-9133-50CC0E9580DB}.Debug|ARM.Deploy.0 = Debug|ARM
		{89E75693-F6E5-4E25-9133-50CC0E9580DB}.Debug|ARM64.ActiveCfg = Debug|ARM64
		{89E75693-F6E5-4E25-9133-50CC0E9580DB}.Debug|ARM64.Build.0 = Debug|ARM64
		{89E75693-F6E5-4E25-9133-50CC0E9580DB}.Debug|ARM64.Deploy.0 = Debug|ARM64
		{89E75693-F6E5-4E25-9133-50CC0E9580DB}.Debug|x64.ActiveCfg = Debug|x64
		{89E75693-F6E5-4E25-9133-50CC0E9580DB}.Debug|x64.Build.0 = Debug|x64
		{89E75693-F6E5-4E25-9133-50CC0E9580DB}.Debug|x64.Deploy.0 = Debug|x64
		{89E75693-F6E5-4E25-9133-50CC0E9580DB}.Debug|x86.ActiveCfg = Debug|x86
		{89E75693-F6E5-4E25-9133-50CC0E9580DB}.Debug|x86.Build.0 = Debug|x86
		{89E75693-F6E5-4E25-9133-50CC0E9580DB}.Debug|x86.Deploy.0 = Debug|x86
		{89E75693-F6E5-4E25-9133-50CC0E9580DB}.Release|Any CPU.ActiveCfg = Release|x86
		{89E75693-F6E5-4E25-9133-50CC0E9580DB}.Release|ARM.ActiveCfg = Release|ARM
		{89E75693-F6E5-4E25-9133-50CC0E9580DB}.Release|ARM.Build.0 = Release|ARM
		{89E75693-F6E5-4E25-9133-50CC0E9580DB}.Release|ARM.Deploy.0 = Release|ARM
		{89E75693-F6E5-4E25-9133-50CC0E9580DB}.Release|ARM64.ActiveCfg = Release|ARM64
		{89E75693-F6E5-4E25-9133-50CC0E9580DB}.Release|ARM64.Build.0 = Release|ARM64
		{89E75693-F6E5-4E25-9133-50CC0E9580DB}.Release|ARM64.Deploy.0 = Release|ARM64
		{89E75693-F6E5-4E25-9133-50CC0E9580DB}.Release|x64.ActiveCfg = Release|x64
		{89E75693-F6E5-4E25-9133-50CC0E9580DB}.Release|x64.Build.0 = Release|x64
		{89E75693-F6E5-4E25-9133-50CC0E9580DB}.Release|x64.Deploy.0 = Release|x64
		{89E75693-F6E5-4E25-9133-50CC0E9580DB}.Release|x86.ActiveCfg = Release|x86
		{89E75693-F6E5-4E25-9133-50CC0E9580DB}.Release|x86.Build.0 = Release|x86
		{89E75693-F6E5-4E25-9133-50CC0E9580DB}.Release|x86.Deploy.0 = Release|x86
		{C116091F-1667-430E-8D82-3AF4650F662B}.Debug|Any CPU.ActiveCfg = Debug|Any CPU
		{C116091F-1667-430E-8D82-3AF4650F662B}.Debug|Any CPU.Build.0 = Debug|Any CPU
		{C116091F-1667-430E-8D82-3AF4650F662B}.Debug|ARM.ActiveCfg = Debug|Any CPU
		{C116091F-1667-430E-8D82-3AF4650F662B}.Debug|ARM.Build.0 = Debug|Any CPU
		{C116091F-1667-430E-8D82-3AF4650F662B}.Debug|ARM64.ActiveCfg = Debug|Any CPU
		{C116091F-1667-430E-8D82-3AF4650F662B}.Debug|ARM64.Build.0 = Debug|Any CPU
		{C116091F-1667-430E-8D82-3AF4650F662B}.Debug|x64.ActiveCfg = Debug|Any CPU
		{C116091F-1667-430E-8D82-3AF4650F662B}.Debug|x64.Build.0 = Debug|Any CPU
		{C116091F-1667-430E-8D82-3AF4650F662B}.Debug|x86.ActiveCfg = Debug|Any CPU
		{C116091F-1667-430E-8D82-3AF4650F662B}.Debug|x86.Build.0 = Debug|Any CPU
		{C116091F-1667-430E-8D82-3AF4650F662B}.Release|Any CPU.ActiveCfg = Release|Any CPU
		{C116091F-1667-430E-8D82-3AF4650F662B}.Release|Any CPU.Build.0 = Release|Any CPU
		{C116091F-1667-430E-8D82-3AF4650F662B}.Release|ARM.ActiveCfg = Release|Any CPU
		{C116091F-1667-430E-8D82-3AF4650F662B}.Release|ARM.Build.0 = Release|Any CPU
		{C116091F-1667-430E-8D82-3AF4650F662B}.Release|ARM64.ActiveCfg = Release|Any CPU
		{C116091F-1667-430E-8D82-3AF4650F662B}.Release|ARM64.Build.0 = Release|Any CPU
		{C116091F-1667-430E-8D82-3AF4650F662B}.Release|x64.ActiveCfg = Release|Any CPU
		{C116091F-1667-430E-8D82-3AF4650F662B}.Release|x64.Build.0 = Release|Any CPU
		{C116091F-1667-430E-8D82-3AF4650F662B}.Release|x86.ActiveCfg = Release|Any CPU
		{C116091F-1667-430E-8D82-3AF4650F662B}.Release|x86.Build.0 = Release|Any CPU
		{57CF488C-2DD6-46FB-B34E-7F6E640A6350}.Debug|Any CPU.ActiveCfg = Debug|Any CPU
		{57CF488C-2DD6-46FB-B34E-7F6E640A6350}.Debug|Any CPU.Build.0 = Debug|Any CPU
		{57CF488C-2DD6-46FB-B34E-7F6E640A6350}.Debug|ARM.ActiveCfg = Debug|Any CPU
		{57CF488C-2DD6-46FB-B34E-7F6E640A6350}.Debug|ARM.Build.0 = Debug|Any CPU
		{57CF488C-2DD6-46FB-B34E-7F6E640A6350}.Debug|ARM64.ActiveCfg = Debug|Any CPU
		{57CF488C-2DD6-46FB-B34E-7F6E640A6350}.Debug|ARM64.Build.0 = Debug|Any CPU
		{57CF488C-2DD6-46FB-B34E-7F6E640A6350}.Debug|x64.ActiveCfg = Debug|Any CPU
		{57CF488C-2DD6-46FB-B34E-7F6E640A6350}.Debug|x64.Build.0 = Debug|Any CPU
		{57CF488C-2DD6-46FB-B34E-7F6E640A6350}.Debug|x86.ActiveCfg = Debug|Any CPU
		{57CF488C-2DD6-46FB-B34E-7F6E640A6350}.Debug|x86.Build.0 = Debug|Any CPU
		{57CF488C-2DD6-46FB-B34E-7F6E640A6350}.Release|Any CPU.ActiveCfg = Release|Any CPU
		{57CF488C-2DD6-46FB-B34E-7F6E640A6350}.Release|Any CPU.Build.0 = Release|Any CPU
		{57CF488C-2DD6-46FB-B34E-7F6E640A6350}.Release|ARM.ActiveCfg = Release|Any CPU
		{57CF488C-2DD6-46FB-B34E-7F6E640A6350}.Release|ARM.Build.0 = Release|Any CPU
		{57CF488C-2DD6-46FB-B34E-7F6E640A6350}.Release|ARM64.ActiveCfg = Release|Any CPU
		{57CF488C-2DD6-46FB-B34E-7F6E640A6350}.Release|ARM64.Build.0 = Release|Any CPU
		{57CF488C-2DD6-46FB-B34E-7F6E640A6350}.Release|x64.ActiveCfg = Release|Any CPU
		{57CF488C-2DD6-46FB-B34E-7F6E640A6350}.Release|x64.Build.0 = Release|Any CPU
		{57CF488C-2DD6-46FB-B34E-7F6E640A6350}.Release|x86.ActiveCfg = Release|Any CPU
		{57CF488C-2DD6-46FB-B34E-7F6E640A6350}.Release|x86.Build.0 = Release|Any CPU
		{A3F9D30F-FDB4-4A8D-B510-0CEB65B7EBCF}.Debug|Any CPU.ActiveCfg = Debug|Any CPU
		{A3F9D30F-FDB4-4A8D-B510-0CEB65B7EBCF}.Debug|Any CPU.Build.0 = Debug|Any CPU
		{A3F9D30F-FDB4-4A8D-B510-0CEB65B7EBCF}.Debug|ARM.ActiveCfg = Debug|Any CPU
		{A3F9D30F-FDB4-4A8D-B510-0CEB65B7EBCF}.Debug|ARM.Build.0 = Debug|Any CPU
		{A3F9D30F-FDB4-4A8D-B510-0CEB65B7EBCF}.Debug|ARM64.ActiveCfg = Debug|Any CPU
		{A3F9D30F-FDB4-4A8D-B510-0CEB65B7EBCF}.Debug|ARM64.Build.0 = Debug|Any CPU
		{A3F9D30F-FDB4-4A8D-B510-0CEB65B7EBCF}.Debug|x64.ActiveCfg = Debug|Any CPU
		{A3F9D30F-FDB4-4A8D-B510-0CEB65B7EBCF}.Debug|x64.Build.0 = Debug|Any CPU
		{A3F9D30F-FDB4-4A8D-B510-0CEB65B7EBCF}.Debug|x86.ActiveCfg = Debug|Any CPU
		{A3F9D30F-FDB4-4A8D-B510-0CEB65B7EBCF}.Debug|x86.Build.0 = Debug|Any CPU
		{A3F9D30F-FDB4-4A8D-B510-0CEB65B7EBCF}.Release|Any CPU.ActiveCfg = Release|Any CPU
		{A3F9D30F-FDB4-4A8D-B510-0CEB65B7EBCF}.Release|Any CPU.Build.0 = Release|Any CPU
		{A3F9D30F-FDB4-4A8D-B510-0CEB65B7EBCF}.Release|ARM.ActiveCfg = Release|Any CPU
		{A3F9D30F-FDB4-4A8D-B510-0CEB65B7EBCF}.Release|ARM.Build.0 = Release|Any CPU
		{A3F9D30F-FDB4-4A8D-B510-0CEB65B7EBCF}.Release|ARM64.ActiveCfg = Release|Any CPU
		{A3F9D30F-FDB4-4A8D-B510-0CEB65B7EBCF}.Release|ARM64.Build.0 = Release|Any CPU
		{A3F9D30F-FDB4-4A8D-B510-0CEB65B7EBCF}.Release|x64.ActiveCfg = Release|Any CPU
		{A3F9D30F-FDB4-4A8D-B510-0CEB65B7EBCF}.Release|x64.Build.0 = Release|Any CPU
		{A3F9D30F-FDB4-4A8D-B510-0CEB65B7EBCF}.Release|x86.ActiveCfg = Release|Any CPU
		{A3F9D30F-FDB4-4A8D-B510-0CEB65B7EBCF}.Release|x86.Build.0 = Release|Any CPU
		{C1C15C9A-2158-47DA-B0A2-B2DB24F277AD}.Debug|Any CPU.ActiveCfg = Debug|Any CPU
		{C1C15C9A-2158-47DA-B0A2-B2DB24F277AD}.Debug|Any CPU.Build.0 = Debug|Any CPU
		{C1C15C9A-2158-47DA-B0A2-B2DB24F277AD}.Debug|ARM.ActiveCfg = Debug|Any CPU
		{C1C15C9A-2158-47DA-B0A2-B2DB24F277AD}.Debug|ARM.Build.0 = Debug|Any CPU
		{C1C15C9A-2158-47DA-B0A2-B2DB24F277AD}.Debug|ARM64.ActiveCfg = Debug|Any CPU
		{C1C15C9A-2158-47DA-B0A2-B2DB24F277AD}.Debug|ARM64.Build.0 = Debug|Any CPU
		{C1C15C9A-2158-47DA-B0A2-B2DB24F277AD}.Debug|x64.ActiveCfg = Debug|Any CPU
		{C1C15C9A-2158-47DA-B0A2-B2DB24F277AD}.Debug|x64.Build.0 = Debug|Any CPU
		{C1C15C9A-2158-47DA-B0A2-B2DB24F277AD}.Debug|x86.ActiveCfg = Debug|Any CPU
		{C1C15C9A-2158-47DA-B0A2-B2DB24F277AD}.Debug|x86.Build.0 = Debug|Any CPU
		{C1C15C9A-2158-47DA-B0A2-B2DB24F277AD}.Release|Any CPU.ActiveCfg = Release|Any CPU
		{C1C15C9A-2158-47DA-B0A2-B2DB24F277AD}.Release|Any CPU.Build.0 = Release|Any CPU
		{C1C15C9A-2158-47DA-B0A2-B2DB24F277AD}.Release|ARM.ActiveCfg = Release|Any CPU
		{C1C15C9A-2158-47DA-B0A2-B2DB24F277AD}.Release|ARM.Build.0 = Release|Any CPU
		{C1C15C9A-2158-47DA-B0A2-B2DB24F277AD}.Release|ARM64.ActiveCfg = Release|Any CPU
		{C1C15C9A-2158-47DA-B0A2-B2DB24F277AD}.Release|ARM64.Build.0 = Release|Any CPU
		{C1C15C9A-2158-47DA-B0A2-B2DB24F277AD}.Release|x64.ActiveCfg = Release|Any CPU
		{C1C15C9A-2158-47DA-B0A2-B2DB24F277AD}.Release|x64.Build.0 = Release|Any CPU
		{C1C15C9A-2158-47DA-B0A2-B2DB24F277AD}.Release|x86.ActiveCfg = Release|Any CPU
		{C1C15C9A-2158-47DA-B0A2-B2DB24F277AD}.Release|x86.Build.0 = Release|Any CPU
		{7FDFF607-3F9E-4E34-8AEC-137CAB368D83}.Debug|Any CPU.ActiveCfg = Debug|Any CPU
		{7FDFF607-3F9E-4E34-8AEC-137CAB368D83}.Debug|Any CPU.Build.0 = Debug|Any CPU
		{7FDFF607-3F9E-4E34-8AEC-137CAB368D83}.Debug|ARM.ActiveCfg = Debug|Any CPU
		{7FDFF607-3F9E-4E34-8AEC-137CAB368D83}.Debug|ARM.Build.0 = Debug|Any CPU
		{7FDFF607-3F9E-4E34-8AEC-137CAB368D83}.Debug|ARM64.ActiveCfg = Debug|Any CPU
		{7FDFF607-3F9E-4E34-8AEC-137CAB368D83}.Debug|ARM64.Build.0 = Debug|Any CPU
		{7FDFF607-3F9E-4E34-8AEC-137CAB368D83}.Debug|x64.ActiveCfg = Debug|Any CPU
		{7FDFF607-3F9E-4E34-8AEC-137CAB368D83}.Debug|x64.Build.0 = Debug|Any CPU
		{7FDFF607-3F9E-4E34-8AEC-137CAB368D83}.Debug|x86.ActiveCfg = Debug|Any CPU
		{7FDFF607-3F9E-4E34-8AEC-137CAB368D83}.Debug|x86.Build.0 = Debug|Any CPU
		{7FDFF607-3F9E-4E34-8AEC-137CAB368D83}.Release|Any CPU.ActiveCfg = Release|Any CPU
		{7FDFF607-3F9E-4E34-8AEC-137CAB368D83}.Release|Any CPU.Build.0 = Release|Any CPU
		{7FDFF607-3F9E-4E34-8AEC-137CAB368D83}.Release|ARM.ActiveCfg = Release|Any CPU
		{7FDFF607-3F9E-4E34-8AEC-137CAB368D83}.Release|ARM.Build.0 = Release|Any CPU
		{7FDFF607-3F9E-4E34-8AEC-137CAB368D83}.Release|ARM64.ActiveCfg = Release|Any CPU
		{7FDFF607-3F9E-4E34-8AEC-137CAB368D83}.Release|ARM64.Build.0 = Release|Any CPU
		{7FDFF607-3F9E-4E34-8AEC-137CAB368D83}.Release|x64.ActiveCfg = Release|Any CPU
		{7FDFF607-3F9E-4E34-8AEC-137CAB368D83}.Release|x64.Build.0 = Release|Any CPU
		{7FDFF607-3F9E-4E34-8AEC-137CAB368D83}.Release|x86.ActiveCfg = Release|Any CPU
		{7FDFF607-3F9E-4E34-8AEC-137CAB368D83}.Release|x86.Build.0 = Release|Any CPU
		{20DAD2D6-7728-4CB9-AE51-FA3CD81BE452}.Debug|Any CPU.ActiveCfg = Debug|Any CPU
		{20DAD2D6-7728-4CB9-AE51-FA3CD81BE452}.Debug|Any CPU.Build.0 = Debug|Any CPU
		{20DAD2D6-7728-4CB9-AE51-FA3CD81BE452}.Debug|ARM.ActiveCfg = Debug|Any CPU
		{20DAD2D6-7728-4CB9-AE51-FA3CD81BE452}.Debug|ARM.Build.0 = Debug|Any CPU
		{20DAD2D6-7728-4CB9-AE51-FA3CD81BE452}.Debug|ARM64.ActiveCfg = Debug|Any CPU
		{20DAD2D6-7728-4CB9-AE51-FA3CD81BE452}.Debug|ARM64.Build.0 = Debug|Any CPU
		{20DAD2D6-7728-4CB9-AE51-FA3CD81BE452}.Debug|x64.ActiveCfg = Debug|Any CPU
		{20DAD2D6-7728-4CB9-AE51-FA3CD81BE452}.Debug|x64.Build.0 = Debug|Any CPU
		{20DAD2D6-7728-4CB9-AE51-FA3CD81BE452}.Debug|x86.ActiveCfg = Debug|Any CPU
		{20DAD2D6-7728-4CB9-AE51-FA3CD81BE452}.Debug|x86.Build.0 = Debug|Any CPU
		{20DAD2D6-7728-4CB9-AE51-FA3CD81BE452}.Release|Any CPU.ActiveCfg = Release|Any CPU
		{20DAD2D6-7728-4CB9-AE51-FA3CD81BE452}.Release|Any CPU.Build.0 = Release|Any CPU
		{20DAD2D6-7728-4CB9-AE51-FA3CD81BE452}.Release|ARM.ActiveCfg = Release|Any CPU
		{20DAD2D6-7728-4CB9-AE51-FA3CD81BE452}.Release|ARM.Build.0 = Release|Any CPU
		{20DAD2D6-7728-4CB9-AE51-FA3CD81BE452}.Release|ARM64.ActiveCfg = Release|Any CPU
		{20DAD2D6-7728-4CB9-AE51-FA3CD81BE452}.Release|ARM64.Build.0 = Release|Any CPU
		{20DAD2D6-7728-4CB9-AE51-FA3CD81BE452}.Release|x64.ActiveCfg = Release|Any CPU
		{20DAD2D6-7728-4CB9-AE51-FA3CD81BE452}.Release|x64.Build.0 = Release|Any CPU
		{20DAD2D6-7728-4CB9-AE51-FA3CD81BE452}.Release|x86.ActiveCfg = Release|Any CPU
		{20DAD2D6-7728-4CB9-AE51-FA3CD81BE452}.Release|x86.Build.0 = Release|Any CPU
		{10D3677E-6E5A-411E-B0BE-2E008A961C69}.Debug|Any CPU.ActiveCfg = Debug|Any CPU
		{10D3677E-6E5A-411E-B0BE-2E008A961C69}.Debug|Any CPU.Build.0 = Debug|Any CPU
		{10D3677E-6E5A-411E-B0BE-2E008A961C69}.Debug|ARM.ActiveCfg = Debug|Any CPU
		{10D3677E-6E5A-411E-B0BE-2E008A961C69}.Debug|ARM.Build.0 = Debug|Any CPU
		{10D3677E-6E5A-411E-B0BE-2E008A961C69}.Debug|ARM64.ActiveCfg = Debug|Any CPU
		{10D3677E-6E5A-411E-B0BE-2E008A961C69}.Debug|ARM64.Build.0 = Debug|Any CPU
		{10D3677E-6E5A-411E-B0BE-2E008A961C69}.Debug|x64.ActiveCfg = Debug|Any CPU
		{10D3677E-6E5A-411E-B0BE-2E008A961C69}.Debug|x64.Build.0 = Debug|Any CPU
		{10D3677E-6E5A-411E-B0BE-2E008A961C69}.Debug|x86.ActiveCfg = Debug|Any CPU
		{10D3677E-6E5A-411E-B0BE-2E008A961C69}.Debug|x86.Build.0 = Debug|Any CPU
		{10D3677E-6E5A-411E-B0BE-2E008A961C69}.Release|Any CPU.ActiveCfg = Release|Any CPU
		{10D3677E-6E5A-411E-B0BE-2E008A961C69}.Release|Any CPU.Build.0 = Release|Any CPU
		{10D3677E-6E5A-411E-B0BE-2E008A961C69}.Release|ARM.ActiveCfg = Release|Any CPU
		{10D3677E-6E5A-411E-B0BE-2E008A961C69}.Release|ARM.Build.0 = Release|Any CPU
		{10D3677E-6E5A-411E-B0BE-2E008A961C69}.Release|ARM64.ActiveCfg = Release|Any CPU
		{10D3677E-6E5A-411E-B0BE-2E008A961C69}.Release|ARM64.Build.0 = Release|Any CPU
		{10D3677E-6E5A-411E-B0BE-2E008A961C69}.Release|x64.ActiveCfg = Release|Any CPU
		{10D3677E-6E5A-411E-B0BE-2E008A961C69}.Release|x64.Build.0 = Release|Any CPU
		{10D3677E-6E5A-411E-B0BE-2E008A961C69}.Release|x86.ActiveCfg = Release|Any CPU
		{10D3677E-6E5A-411E-B0BE-2E008A961C69}.Release|x86.Build.0 = Release|Any CPU
		{E7585C7B-4663-41A0-B8DF-A358A2A50294}.Debug|Any CPU.ActiveCfg = Debug|Any CPU
		{E7585C7B-4663-41A0-B8DF-A358A2A50294}.Debug|Any CPU.Build.0 = Debug|Any CPU
		{E7585C7B-4663-41A0-B8DF-A358A2A50294}.Debug|ARM.ActiveCfg = Debug|Any CPU
		{E7585C7B-4663-41A0-B8DF-A358A2A50294}.Debug|ARM.Build.0 = Debug|Any CPU
		{E7585C7B-4663-41A0-B8DF-A358A2A50294}.Debug|ARM64.ActiveCfg = Debug|Any CPU
		{E7585C7B-4663-41A0-B8DF-A358A2A50294}.Debug|ARM64.Build.0 = Debug|Any CPU
		{E7585C7B-4663-41A0-B8DF-A358A2A50294}.Debug|x64.ActiveCfg = Debug|Any CPU
		{E7585C7B-4663-41A0-B8DF-A358A2A50294}.Debug|x64.Build.0 = Debug|Any CPU
		{E7585C7B-4663-41A0-B8DF-A358A2A50294}.Debug|x86.ActiveCfg = Debug|Any CPU
		{E7585C7B-4663-41A0-B8DF-A358A2A50294}.Debug|x86.Build.0 = Debug|Any CPU
		{E7585C7B-4663-41A0-B8DF-A358A2A50294}.Release|Any CPU.ActiveCfg = Release|Any CPU
		{E7585C7B-4663-41A0-B8DF-A358A2A50294}.Release|Any CPU.Build.0 = Release|Any CPU
		{E7585C7B-4663-41A0-B8DF-A358A2A50294}.Release|ARM.ActiveCfg = Release|Any CPU
		{E7585C7B-4663-41A0-B8DF-A358A2A50294}.Release|ARM.Build.0 = Release|Any CPU
		{E7585C7B-4663-41A0-B8DF-A358A2A50294}.Release|ARM64.ActiveCfg = Release|Any CPU
		{E7585C7B-4663-41A0-B8DF-A358A2A50294}.Release|ARM64.Build.0 = Release|Any CPU
		{E7585C7B-4663-41A0-B8DF-A358A2A50294}.Release|x64.ActiveCfg = Release|Any CPU
		{E7585C7B-4663-41A0-B8DF-A358A2A50294}.Release|x64.Build.0 = Release|Any CPU
		{E7585C7B-4663-41A0-B8DF-A358A2A50294}.Release|x86.ActiveCfg = Release|Any CPU
		{E7585C7B-4663-41A0-B8DF-A358A2A50294}.Release|x86.Build.0 = Release|Any CPU
		{66914B4E-5C5D-41E0-BB3B-ADA432B1613D}.Debug|Any CPU.ActiveCfg = Debug|Any CPU
		{66914B4E-5C5D-41E0-BB3B-ADA432B1613D}.Debug|Any CPU.Build.0 = Debug|Any CPU
		{66914B4E-5C5D-41E0-BB3B-ADA432B1613D}.Debug|ARM.ActiveCfg = Debug|Any CPU
		{66914B4E-5C5D-41E0-BB3B-ADA432B1613D}.Debug|ARM.Build.0 = Debug|Any CPU
		{66914B4E-5C5D-41E0-BB3B-ADA432B1613D}.Debug|ARM64.ActiveCfg = Debug|Any CPU
		{66914B4E-5C5D-41E0-BB3B-ADA432B1613D}.Debug|ARM64.Build.0 = Debug|Any CPU
		{66914B4E-5C5D-41E0-BB3B-ADA432B1613D}.Debug|x64.ActiveCfg = Debug|Any CPU
		{66914B4E-5C5D-41E0-BB3B-ADA432B1613D}.Debug|x64.Build.0 = Debug|Any CPU
		{66914B4E-5C5D-41E0-BB3B-ADA432B1613D}.Debug|x86.ActiveCfg = Debug|Any CPU
		{66914B4E-5C5D-41E0-BB3B-ADA432B1613D}.Debug|x86.Build.0 = Debug|Any CPU
		{66914B4E-5C5D-41E0-BB3B-ADA432B1613D}.Release|Any CPU.ActiveCfg = Release|Any CPU
		{66914B4E-5C5D-41E0-BB3B-ADA432B1613D}.Release|Any CPU.Build.0 = Release|Any CPU
		{66914B4E-5C5D-41E0-BB3B-ADA432B1613D}.Release|ARM.ActiveCfg = Release|Any CPU
		{66914B4E-5C5D-41E0-BB3B-ADA432B1613D}.Release|ARM.Build.0 = Release|Any CPU
		{66914B4E-5C5D-41E0-BB3B-ADA432B1613D}.Release|ARM64.ActiveCfg = Release|Any CPU
		{66914B4E-5C5D-41E0-BB3B-ADA432B1613D}.Release|ARM64.Build.0 = Release|Any CPU
		{66914B4E-5C5D-41E0-BB3B-ADA432B1613D}.Release|x64.ActiveCfg = Release|Any CPU
		{66914B4E-5C5D-41E0-BB3B-ADA432B1613D}.Release|x64.Build.0 = Release|Any CPU
		{66914B4E-5C5D-41E0-BB3B-ADA432B1613D}.Release|x86.ActiveCfg = Release|Any CPU
		{66914B4E-5C5D-41E0-BB3B-ADA432B1613D}.Release|x86.Build.0 = Release|Any CPU
	EndGlobalSection
	GlobalSection(SolutionProperties) = preSolution
		HideSolutionNode = FALSE
	EndGlobalSection
	GlobalSection(ExtensibilityGlobals) = postSolution
		SolutionGuid = {718D7E4C-35E4-4CEC-8DDD-54B10C0BA1D2}
	EndGlobalSection
EndGlobal
